
Microsoft Visual Studio Solution File, Format Version 12.00
# Visual Studio 15
VisualStudioVersion = 15.0.26730.16
MinimumVisualStudioVersion = 10.0.40219.1
Project("{FAE04EC0-301F-11D3-BF4B-00C04F79EFBC}") = "01. Numbers from 1-50", "01. Numbers from 1-50\01. Numbers from 1-50.csproj", "{3103B366-2D12-49FF-AC08-91BCA3E5C502}"
EndProject
Project("{FAE04EC0-301F-11D3-BF4B-00C04F79EFBC}") = "TODO list", "TODO list\TODO list.csproj", "{5C55CC43-C501-42C7-A6C0-79AAA650E35E}"
EndProject
Global
	GlobalSection(SolutionConfigurationPlatforms) = preSolution
		Debug|Any CPU = Debug|Any CPU
		Release|Any CPU = Release|Any CPU
	EndGlobalSection
	GlobalSection(ProjectConfigurationPlatforms) = postSolution
		{3103B366-2D12-49FF-AC08-91BCA3E5C502}.Debug|Any CPU.ActiveCfg = Debug|Any CPU
		{3103B366-2D12-49FF-AC08-91BCA3E5C502}.Debug|Any CPU.Build.0 = Debug|Any CPU
		{3103B366-2D12-49FF-AC08-91BCA3E5C502}.Release|Any CPU.ActiveCfg = Release|Any CPU
		{3103B366-2D12-49FF-AC08-91BCA3E5C502}.Release|Any CPU.Build.0 = Release|Any CPU
		{5C55CC43-C501-42C7-A6C0-79AAA650E35E}.Debug|Any CPU.ActiveCfg = Debug|Any CPU
		{5C55CC43-C501-42C7-A6C0-79AAA650E35E}.Debug|Any CPU.Build.0 = Debug|Any CPU
		{5C55CC43-C501-42C7-A6C0-79AAA650E35E}.Release|Any CPU.ActiveCfg = Release|Any CPU
		{5C55CC43-C501-42C7-A6C0-79AAA650E35E}.Release|Any CPU.Build.0 = Release|Any CPU
	EndGlobalSection
	GlobalSection(SolutionProperties) = preSolution
		HideSolutionNode = FALSE
	EndGlobalSection
	GlobalSection(ExtensibilityGlobals) = postSolution
		SolutionGuid = {AD100412-2ABD-4E4A-BEE4-F0F7AB848C4B}
	EndGlobalSection
EndGlobal
